
Microsoft Visual Studio Solution File, Format Version 12.00
# Visual Studio Version 16
VisualStudioVersion = 16.0.28711.60
MinimumVisualStudioVersion = 10.0.40219.1
Project("{FAE04EC0-301F-11D3-BF4B-00C04F79EFBC}") = "Markdown.Wpf.Editor", "Markdown.Wpf.Editor\Markdown.Wpf.Editor.csproj", "{0A975087-0046-4B99-B09F-AA3ABB42DAE4}"
EndProject
Project("{FAE04EC0-301F-11D3-BF4B-00C04F79EFBC}") = "Markdown.Wpf.Editor.Demo", "Markdown.Wpf.Editor.Demo\Markdown.Wpf.Editor.Demo.csproj", "{2700DC9A-2A5C-4014-9E4D-465CF0B774EF}"
EndProject
Global
	GlobalSection(SolutionConfigurationPlatforms) = preSolution
		Debug|Any CPU = Debug|Any CPU
		Release|Any CPU = Release|Any CPU
	EndGlobalSection
	GlobalSection(ProjectConfigurationPlatforms) = postSolution
		{0A975087-0046-4B99-B09F-AA3ABB42DAE4}.Debug|Any CPU.ActiveCfg = Debug|Any CPU
		{0A975087-0046-4B99-B09F-AA3ABB42DAE4}.Debug|Any CPU.Build.0 = Debug|Any CPU
		{0A975087-0046-4B99-B09F-AA3ABB42DAE4}.Release|Any CPU.ActiveCfg = Release|Any CPU
		{0A975087-0046-4B99-B09F-AA3ABB42DAE4}.Release|Any CPU.Build.0 = Release|Any CPU
		{2700DC9A-2A5C-4014-9E4D-465CF0B774EF}.Debug|Any CPU.ActiveCfg = Debug|Any CPU
		{2700DC9A-2A5C-4014-9E4D-465CF0B774EF}.Debug|Any CPU.Build.0 = Debug|Any CPU
		{2700DC9A-2A5C-4014-9E4D-465CF0B774EF}.Release|Any CPU.ActiveCfg = Release|Any CPU
		{2700DC9A-2A5C-4014-9E4D-465CF0B774EF}.Release|Any CPU.Build.0 = Release|Any CPU
	EndGlobalSection
	GlobalSection(SolutionProperties) = preSolution
		HideSolutionNode = FALSE
	EndGlobalSection
	GlobalSection(ExtensibilityGlobals) = postSolution
		SolutionGuid = {64EE30F5-388C-42C0-9A03-C5D1D7A95FF4}
	EndGlobalSection
EndGlobal
